
Microsoft Visual Studio Solution File, Format Version 12.00
# Visual Studio Version 16
VisualStudioVersion = 16.0.29326.143
MinimumVisualStudioVersion = 10.0.40219.1
Project("{FAE04EC0-301F-11D3-BF4B-00C04F79EFBC}") = "mmg", "mmg\mmg.csproj", "{8F72C9A9-BD54-4B92-9E82-C05FC32E4337}"
EndProject
Global
	GlobalSection(SolutionConfigurationPlatforms) = preSolution
		Debug|Any CPU = Debug|Any CPU
		Release|Any CPU = Release|Any CPU
	EndGlobalSection
	GlobalSection(ProjectConfigurationPlatforms) = postSolution
		{8F72C9A9-BD54-4B92-9E82-C05FC32E4337}.Debug|Any CPU.ActiveCfg = Debug|Any CPU
		{8F72C9A9-BD54-4B92-9E82-C05FC32E4337}.Debug|Any CPU.Build.0 = Debug|Any CPU
		{8F72C9A9-BD54-4B92-9E82-C05FC32E4337}.Release|Any CPU.ActiveCfg = Release|Any CPU
		{8F72C9A9-BD54-4B92-9E82-C05FC32E4337}.Release|Any CPU.Build.0 = Release|Any CPU
	EndGlobalSection
	GlobalSection(SolutionProperties) = preSolution
		HideSolutionNode = FALSE
	EndGlobalSection
	GlobalSection(ExtensibilityGlobals) = postSolution
		SolutionGuid = {F4785D55-CB10-4BFE-9827-B4534CCDD771}
	EndGlobalSection
EndGlobal
