
Microsoft Visual Studio Solution File, Format Version 12.00
# Visual Studio Version 16
VisualStudioVersion = 16.0.29326.143
MinimumVisualStudioVersion = 10.0.40219.1
Project("{FAE04EC0-301F-11D3-BF4B-00C04F79EFBC}") = "datos", "datos\datos.csproj", "{A95D95E4-F097-4B58-9D0E-1C54A5A3279F}"
EndProject
Global
	GlobalSection(SolutionConfigurationPlatforms) = preSolution
		Debug|Any CPU = Debug|Any CPU
		Release|Any CPU = Release|Any CPU
	EndGlobalSection
	GlobalSection(ProjectConfigurationPlatforms) = postSolution
		{A95D95E4-F097-4B58-9D0E-1C54A5A3279F}.Debug|Any CPU.ActiveCfg = Debug|Any CPU
		{A95D95E4-F097-4B58-9D0E-1C54A5A3279F}.Debug|Any CPU.Build.0 = Debug|Any CPU
		{A95D95E4-F097-4B58-9D0E-1C54A5A3279F}.Release|Any CPU.ActiveCfg = Release|Any CPU
		{A95D95E4-F097-4B58-9D0E-1C54A5A3279F}.Release|Any CPU.Build.0 = Release|Any CPU
	EndGlobalSection
	GlobalSection(SolutionProperties) = preSolution
		HideSolutionNode = FALSE
	EndGlobalSection
	GlobalSection(ExtensibilityGlobals) = postSolution
		SolutionGuid = {DB31577E-81F1-4DE4-9FC4-D4FADD7E47F9}
	EndGlobalSection
EndGlobal
