
Microsoft Visual Studio Solution File, Format Version 12.00
# Visual Studio Version 16
VisualStudioVersion = 16.0.29326.143
MinimumVisualStudioVersion = 10.0.40219.1
Project("{FAE04EC0-301F-11D3-BF4B-00C04F79EFBC}") = "Web_proyecto", "Web_proyecto.csproj", "{D8D5C228-D188-483B-AF72-80D9376C14F7}"
EndProject
Global
	GlobalSection(SolutionConfigurationPlatforms) = preSolution
		Debug|Any CPU = Debug|Any CPU
		Release|Any CPU = Release|Any CPU
	EndGlobalSection
	GlobalSection(ProjectConfigurationPlatforms) = postSolution
		{D8D5C228-D188-483B-AF72-80D9376C14F7}.Debug|Any CPU.ActiveCfg = Debug|Any CPU
		{D8D5C228-D188-483B-AF72-80D9376C14F7}.Debug|Any CPU.Build.0 = Debug|Any CPU
		{D8D5C228-D188-483B-AF72-80D9376C14F7}.Release|Any CPU.ActiveCfg = Release|Any CPU
		{D8D5C228-D188-483B-AF72-80D9376C14F7}.Release|Any CPU.Build.0 = Release|Any CPU
	EndGlobalSection
	GlobalSection(SolutionProperties) = preSolution
		HideSolutionNode = FALSE
	EndGlobalSection
	GlobalSection(ExtensibilityGlobals) = postSolution
		SolutionGuid = {6EBF4CAF-DC01-4F70-9A82-9DAD2C2AF2E3}
	EndGlobalSection
EndGlobal
